
Microsoft Visual Studio Solution File, Format Version 12.00
# Visual Studio Version 17
VisualStudioVersion = 17.9.34616.47
MinimumVisualStudioVersion = 10.0.40219.1
Project("{FAE04EC0-301F-11D3-BF4B-00C04F79EFBC}") = "Kodlamaio", "Kodlamaio\Kodlamaio.csproj", "{03901792-6D1A-4576-85CA-80B4D99686A9}"
EndProject
Global
	GlobalSection(SolutionConfigurationPlatforms) = preSolution
		Debug|Any CPU = Debug|Any CPU
		Release|Any CPU = Release|Any CPU
	EndGlobalSection
	GlobalSection(ProjectConfigurationPlatforms) = postSolution
		{03901792-6D1A-4576-85CA-80B4D99686A9}.Debug|Any CPU.ActiveCfg = Debug|Any CPU
		{03901792-6D1A-4576-85CA-80B4D99686A9}.Debug|Any CPU.Build.0 = Debug|Any CPU
		{03901792-6D1A-4576-85CA-80B4D99686A9}.Release|Any CPU.ActiveCfg = Release|Any CPU
		{03901792-6D1A-4576-85CA-80B4D99686A9}.Release|Any CPU.Build.0 = Release|Any CPU
	EndGlobalSection
	GlobalSection(SolutionProperties) = preSolution
		HideSolutionNode = FALSE
	EndGlobalSection
	GlobalSection(ExtensibilityGlobals) = postSolution
		SolutionGuid = {CF0AEDAA-332C-4FE4-8C0E-EE1A4319A224}
	EndGlobalSection
EndGlobal
