
Microsoft Visual Studio Solution File, Format Version 12.00
# Visual Studio Version 17
VisualStudioVersion = 17.9.34616.47
MinimumVisualStudioVersion = 10.0.40219.1
Project("{FAE04EC0-301F-11D3-BF4B-00C04F79EFBC}") = "TypesAndVariables", "TypesAndVariables\TypesAndVariables.csproj", "{D44E6EF8-4DFC-4F58-A9F3-08AF2D835CAE}"
EndProject
Project("{FAE04EC0-301F-11D3-BF4B-00C04F79EFBC}") = "Conditionals", "Conditionals\Conditionals.csproj", "{86809713-6497-4BB5-874B-556AA78A0323}"
EndProject
Project("{FAE04EC0-301F-11D3-BF4B-00C04F79EFBC}") = "Methods", "Methods\Methods.csproj", "{D6B4FE41-9ECF-4FEE-AA97-AD3DCF40FC14}"
EndProject
Project("{FAE04EC0-301F-11D3-BF4B-00C04F79EFBC}") = "Arrays", "Arrays\Arrays.csproj", "{D8324240-F44B-4549-AF42-AC380F62CBF4}"
EndProject
Project("{FAE04EC0-301F-11D3-BF4B-00C04F79EFBC}") = "Loops", "Loops\Loops.csproj", "{222446FF-C158-4F61-9807-23CE3CC81235}"
EndProject
Project("{FAE04EC0-301F-11D3-BF4B-00C04F79EFBC}") = "Strings", "Strings\Strings.csproj", "{9967EE76-5B5C-4F12-B3A3-2C985653F783}"
EndProject
Project("{FAE04EC0-301F-11D3-BF4B-00C04F79EFBC}") = "Classes", "Classes\Classes.csproj", "{5A7CB9E9-4FAA-409B-9D08-E74BE4A8BA1B}"
EndProject
Project("{FAE04EC0-301F-11D3-BF4B-00C04F79EFBC}") = "RecapDemo1", "RecapDemo1\RecapDemo1.csproj", "{DBE26159-3BCF-4DFB-9453-D33AB9803277}"
EndProject
Project("{FAE04EC0-301F-11D3-BF4B-00C04F79EFBC}") = "Interfaces", "Interfaces\Interfaces.csproj", "{BDF1AB0B-C9AE-4BEA-9EAE-7721AC40D2D7}"
EndProject
Project("{FAE04EC0-301F-11D3-BF4B-00C04F79EFBC}") = "InterfacesDemo", "InterfacesDemo\InterfacesDemo.csproj", "{01E2A9EE-CFB6-41B0-A013-7F3EDC8D517D}"
EndProject
Project("{FAE04EC0-301F-11D3-BF4B-00C04F79EFBC}") = "Inheritance", "Inheritance\Inheritance.csproj", "{0E9C8D8E-7B23-474A-AB14-DFCEAC7C7C50}"
EndProject
Global
	GlobalSection(SolutionConfigurationPlatforms) = preSolution
		Debug|Any CPU = Debug|Any CPU
		Release|Any CPU = Release|Any CPU
	EndGlobalSection
	GlobalSection(ProjectConfigurationPlatforms) = postSolution
		{D44E6EF8-4DFC-4F58-A9F3-08AF2D835CAE}.Debug|Any CPU.ActiveCfg = Debug|Any CPU
		{D44E6EF8-4DFC-4F58-A9F3-08AF2D835CAE}.Debug|Any CPU.Build.0 = Debug|Any CPU
		{D44E6EF8-4DFC-4F58-A9F3-08AF2D835CAE}.Release|Any CPU.ActiveCfg = Release|Any CPU
		{D44E6EF8-4DFC-4F58-A9F3-08AF2D835CAE}.Release|Any CPU.Build.0 = Release|Any CPU
		{86809713-6497-4BB5-874B-556AA78A0323}.Debug|Any CPU.ActiveCfg = Debug|Any CPU
		{86809713-6497-4BB5-874B-556AA78A0323}.Debug|Any CPU.Build.0 = Debug|Any CPU
		{86809713-6497-4BB5-874B-556AA78A0323}.Release|Any CPU.ActiveCfg = Release|Any CPU
		{86809713-6497-4BB5-874B-556AA78A0323}.Release|Any CPU.Build.0 = Release|Any CPU
		{D6B4FE41-9ECF-4FEE-AA97-AD3DCF40FC14}.Debug|Any CPU.ActiveCfg = Debug|Any CPU
		{D6B4FE41-9ECF-4FEE-AA97-AD3DCF40FC14}.Debug|Any CPU.Build.0 = Debug|Any CPU
		{D6B4FE41-9ECF-4FEE-AA97-AD3DCF40FC14}.Release|Any CPU.ActiveCfg = Release|Any CPU
		{D6B4FE41-9ECF-4FEE-AA97-AD3DCF40FC14}.Release|Any CPU.Build.0 = Release|Any CPU
		{D8324240-F44B-4549-AF42-AC380F62CBF4}.Debug|Any CPU.ActiveCfg = Debug|Any CPU
		{D8324240-F44B-4549-AF42-AC380F62CBF4}.Debug|Any CPU.Build.0 = Debug|Any CPU
		{D8324240-F44B-4549-AF42-AC380F62CBF4}.Release|Any CPU.ActiveCfg = Release|Any CPU
		{D8324240-F44B-4549-AF42-AC380F62CBF4}.Release|Any CPU.Build.0 = Release|Any CPU
		{222446FF-C158-4F61-9807-23CE3CC81235}.Debug|Any CPU.ActiveCfg = Debug|Any CPU
		{222446FF-C158-4F61-9807-23CE3CC81235}.Debug|Any CPU.Build.0 = Debug|Any CPU
		{222446FF-C158-4F61-9807-23CE3CC81235}.Release|Any CPU.ActiveCfg = Release|Any CPU
		{222446FF-C158-4F61-9807-23CE3CC81235}.Release|Any CPU.Build.0 = Release|Any CPU
		{9967EE76-5B5C-4F12-B3A3-2C985653F783}.Debug|Any CPU.ActiveCfg = Debug|Any CPU
		{9967EE76-5B5C-4F12-B3A3-2C985653F783}.Debug|Any CPU.Build.0 = Debug|Any CPU
		{9967EE76-5B5C-4F12-B3A3-2C985653F783}.Release|Any CPU.ActiveCfg = Release|Any CPU
		{9967EE76-5B5C-4F12-B3A3-2C985653F783}.Release|Any CPU.Build.0 = Release|Any CPU
		{5A7CB9E9-4FAA-409B-9D08-E74BE4A8BA1B}.Debug|Any CPU.ActiveCfg = Debug|Any CPU
		{5A7CB9E9-4FAA-409B-9D08-E74BE4A8BA1B}.Debug|Any CPU.Build.0 = Debug|Any CPU
		{5A7CB9E9-4FAA-409B-9D08-E74BE4A8BA1B}.Release|Any CPU.ActiveCfg = Release|Any CPU
		{5A7CB9E9-4FAA-409B-9D08-E74BE4A8BA1B}.Release|Any CPU.Build.0 = Release|Any CPU
		{DBE26159-3BCF-4DFB-9453-D33AB9803277}.Debug|Any CPU.ActiveCfg = Debug|Any CPU
		{DBE26159-3BCF-4DFB-9453-D33AB9803277}.Debug|Any CPU.Build.0 = Debug|Any CPU
		{DBE26159-3BCF-4DFB-9453-D33AB9803277}.Release|Any CPU.ActiveCfg = Release|Any CPU
		{DBE26159-3BCF-4DFB-9453-D33AB9803277}.Release|Any CPU.Build.0 = Release|Any CPU
		{BDF1AB0B-C9AE-4BEA-9EAE-7721AC40D2D7}.Debug|Any CPU.ActiveCfg = Debug|Any CPU
		{BDF1AB0B-C9AE-4BEA-9EAE-7721AC40D2D7}.Debug|Any CPU.Build.0 = Debug|Any CPU
		{BDF1AB0B-C9AE-4BEA-9EAE-7721AC40D2D7}.Release|Any CPU.ActiveCfg = Release|Any CPU
		{BDF1AB0B-C9AE-4BEA-9EAE-7721AC40D2D7}.Release|Any CPU.Build.0 = Release|Any CPU
		{01E2A9EE-CFB6-41B0-A013-7F3EDC8D517D}.Debug|Any CPU.ActiveCfg = Debug|Any CPU
		{01E2A9EE-CFB6-41B0-A013-7F3EDC8D517D}.Debug|Any CPU.Build.0 = Debug|Any CPU
		{01E2A9EE-CFB6-41B0-A013-7F3EDC8D517D}.Release|Any CPU.ActiveCfg = Release|Any CPU
		{01E2A9EE-CFB6-41B0-A013-7F3EDC8D517D}.Release|Any CPU.Build.0 = Release|Any CPU
		{0E9C8D8E-7B23-474A-AB14-DFCEAC7C7C50}.Debug|Any CPU.ActiveCfg = Debug|Any CPU
		{0E9C8D8E-7B23-474A-AB14-DFCEAC7C7C50}.Debug|Any CPU.Build.0 = Debug|Any CPU
		{0E9C8D8E-7B23-474A-AB14-DFCEAC7C7C50}.Release|Any CPU.ActiveCfg = Release|Any CPU
		{0E9C8D8E-7B23-474A-AB14-DFCEAC7C7C50}.Release|Any CPU.Build.0 = Release|Any CPU
	EndGlobalSection
	GlobalSection(SolutionProperties) = preSolution
		HideSolutionNode = FALSE
	EndGlobalSection
	GlobalSection(ExtensibilityGlobals) = postSolution
		SolutionGuid = {722F41EC-62AC-48BA-8DED-482A126E5219}
	EndGlobalSection
EndGlobal
