
Microsoft Visual Studio Solution File, Format Version 12.00
# Visual Studio Version 17
VisualStudioVersion = 17.9.34616.47
MinimumVisualStudioVersion = 10.0.40219.1
Project("{9A19103F-16F7-4668-BE54-9A1E7A4F7556}") = "Constructors", "Constructors\Constructors.csproj", "{05567981-EA78-45E5-8E35-1B1477FF5986}"
EndProject
Project("{9A19103F-16F7-4668-BE54-9A1E7A4F7556}") = "Interfaces2", "Interfaces2\Interfaces2.csproj", "{FB838F36-21A4-4954-A603-B75DECC3A148}"
EndProject
Project("{9A19103F-16F7-4668-BE54-9A1E7A4F7556}") = "Generics", "Generics\Generics.csproj", "{0C794115-EFE6-4B2C-BBAD-B70419CDE59B}"
EndProject
Project("{FAE04EC0-301F-11D3-BF4B-00C04F79EFBC}") = "ThreadingDemo1", "ThreadingDemo1\ThreadingDemo1.csproj", "{9D92FC9E-5EC4-43AC-8B4B-8CBEE81F5B48}"
EndProject
Project("{FAE04EC0-301F-11D3-BF4B-00C04F79EFBC}") = "LinqProject", "LinqProject\LinqProject.csproj", "{7D1F4CBB-5F72-4166-AFCE-A64C6C9A8BB1}"
EndProject
Global
	GlobalSection(SolutionConfigurationPlatforms) = preSolution
		Debug|Any CPU = Debug|Any CPU
		Release|Any CPU = Release|Any CPU
	EndGlobalSection
	GlobalSection(ProjectConfigurationPlatforms) = postSolution
		{05567981-EA78-45E5-8E35-1B1477FF5986}.Debug|Any CPU.ActiveCfg = Debug|Any CPU
		{05567981-EA78-45E5-8E35-1B1477FF5986}.Debug|Any CPU.Build.0 = Debug|Any CPU
		{05567981-EA78-45E5-8E35-1B1477FF5986}.Release|Any CPU.ActiveCfg = Release|Any CPU
		{05567981-EA78-45E5-8E35-1B1477FF5986}.Release|Any CPU.Build.0 = Release|Any CPU
		{FB838F36-21A4-4954-A603-B75DECC3A148}.Debug|Any CPU.ActiveCfg = Debug|Any CPU
		{FB838F36-21A4-4954-A603-B75DECC3A148}.Debug|Any CPU.Build.0 = Debug|Any CPU
		{FB838F36-21A4-4954-A603-B75DECC3A148}.Release|Any CPU.ActiveCfg = Release|Any CPU
		{FB838F36-21A4-4954-A603-B75DECC3A148}.Release|Any CPU.Build.0 = Release|Any CPU
		{0C794115-EFE6-4B2C-BBAD-B70419CDE59B}.Debug|Any CPU.ActiveCfg = Debug|Any CPU
		{0C794115-EFE6-4B2C-BBAD-B70419CDE59B}.Debug|Any CPU.Build.0 = Debug|Any CPU
		{0C794115-EFE6-4B2C-BBAD-B70419CDE59B}.Release|Any CPU.ActiveCfg = Release|Any CPU
		{0C794115-EFE6-4B2C-BBAD-B70419CDE59B}.Release|Any CPU.Build.0 = Release|Any CPU
		{9D92FC9E-5EC4-43AC-8B4B-8CBEE81F5B48}.Debug|Any CPU.ActiveCfg = Debug|Any CPU
		{9D92FC9E-5EC4-43AC-8B4B-8CBEE81F5B48}.Debug|Any CPU.Build.0 = Debug|Any CPU
		{9D92FC9E-5EC4-43AC-8B4B-8CBEE81F5B48}.Release|Any CPU.ActiveCfg = Release|Any CPU
		{9D92FC9E-5EC4-43AC-8B4B-8CBEE81F5B48}.Release|Any CPU.Build.0 = Release|Any CPU
		{7D1F4CBB-5F72-4166-AFCE-A64C6C9A8BB1}.Debug|Any CPU.ActiveCfg = Debug|Any CPU
		{7D1F4CBB-5F72-4166-AFCE-A64C6C9A8BB1}.Debug|Any CPU.Build.0 = Debug|Any CPU
		{7D1F4CBB-5F72-4166-AFCE-A64C6C9A8BB1}.Release|Any CPU.ActiveCfg = Release|Any CPU
		{7D1F4CBB-5F72-4166-AFCE-A64C6C9A8BB1}.Release|Any CPU.Build.0 = Release|Any CPU
	EndGlobalSection
	GlobalSection(SolutionProperties) = preSolution
		HideSolutionNode = FALSE
	EndGlobalSection
	GlobalSection(ExtensibilityGlobals) = postSolution
		SolutionGuid = {722F41EC-62AC-48BA-8DED-482A126E5219}
	EndGlobalSection
EndGlobal
